
Microsoft Visual Studio Solution File, Format Version 12.00
# Visual Studio Version 17
VisualStudioVersion = 17.11.35327.3
MinimumVisualStudioVersion = 10.0.40219.1
Project("{2150E333-8FDC-42A3-9474-1A3956D46DE8}") = "01. Shooping", "01. Shooping", "{1033D9DB-8D49-4130-96B9-3910B6482618}"
EndProject
Project("{2150E333-8FDC-42A3-9474-1A3956D46DE8}") = "02. Models", "02. Models", "{92FF5DF1-C6A8-4622-B871-BD299221B7F2}"
EndProject
Project("{2150E333-8FDC-42A3-9474-1A3956D46DE8}") = "03. Services", "03. Services", "{0EA2B9F2-956B-4D77-B94B-F3F5F4099072}"
EndProject
Project("{9A19103F-16F7-4668-BE54-9A1E7A4F7556}") = "Models", "src\Models\Models.csproj", "{7FEEFB15-7B0B-4F1C-8FB1-2275F38CEFB6}"
EndProject
Project("{9A19103F-16F7-4668-BE54-9A1E7A4F7556}") = "Services", "src\Services\Services.csproj", "{018BBF8F-E9D6-4A2F-9837-412A42206E5D}"
EndProject
Project("{9A19103F-16F7-4668-BE54-9A1E7A4F7556}") = "Shopping", "src\Shopping\Shopping.csproj", "{FD0D7D9C-8B3D-47E7-8779-2AC0840F8CB3}"
EndProject
Project("{2150E333-8FDC-42A3-9474-1A3956D46DE8}") = "00. Common", "00. Common", "{AB74F494-1A6F-441B-AA80-098B7EF2D824}"
EndProject
Project("{9A19103F-16F7-4668-BE54-9A1E7A4F7556}") = "Parameters", "src\Parameters\Parameters.csproj", "{3BA7886C-17BC-4CE7-8633-1E447CB538B0}"
EndProject
Project("{2150E333-8FDC-42A3-9474-1A3956D46DE8}") = "05. Repository", "05. Repository", "{2FD2618B-A66D-48A3-A16E-57D6DA6A3FEA}"
EndProject
Project("{2150E333-8FDC-42A3-9474-1A3956D46DE8}") = "04. UnitOfWork", "04. UnitOfWork", "{FD14C31C-563B-4C7C-A53B-E4BE119B54D6}"
EndProject
Project("{FAE04EC0-301F-11D3-BF4B-00C04F79EFBC}") = "UnitOfWork.Interfaces", "src\UnitOfWork.Interfaces\UnitOfWork.Interfaces.csproj", "{8FF306B8-8B39-429F-8B48-89C9ADDD472D}"
EndProject
Project("{FAE04EC0-301F-11D3-BF4B-00C04F79EFBC}") = "UnitOfWork.MysqlServer", "src\UnitOfWork.MysqlServer\UnitOfWork.MysqlServer.csproj", "{137CFAFD-644C-45E4-875D-986D78C346C3}"
EndProject
Project("{FAE04EC0-301F-11D3-BF4B-00C04F79EFBC}") = "Repository.Interfaces", "src\Repository.Interfaces\Repository.Interfaces.csproj", "{8677601A-E429-49BB-A6C0-646FBAF3528D}"
EndProject
Project("{FAE04EC0-301F-11D3-BF4B-00C04F79EFBC}") = "Repository.MysqlServers", "src\Repository.MysqlServers\Repository.MysqlServers.csproj", "{2D9B90CB-1BF7-4885-91F7-5251D7CAE9AF}"
EndProject
Project("{FAE04EC0-301F-11D3-BF4B-00C04F79EFBC}") = "AspNetShooping", "src\AspNetShooping\AspNetShooping.csproj", "{A86F52A4-D506-4799-9187-3190BA0A0322}"
EndProject
Global
	GlobalSection(SolutionConfigurationPlatforms) = preSolution
		Debug|Any CPU = Debug|Any CPU
		Release|Any CPU = Release|Any CPU
	EndGlobalSection
	GlobalSection(ProjectConfigurationPlatforms) = postSolution
		{7FEEFB15-7B0B-4F1C-8FB1-2275F38CEFB6}.Debug|Any CPU.ActiveCfg = Debug|Any CPU
		{7FEEFB15-7B0B-4F1C-8FB1-2275F38CEFB6}.Debug|Any CPU.Build.0 = Debug|Any CPU
		{7FEEFB15-7B0B-4F1C-8FB1-2275F38CEFB6}.Release|Any CPU.ActiveCfg = Release|Any CPU
		{7FEEFB15-7B0B-4F1C-8FB1-2275F38CEFB6}.Release|Any CPU.Build.0 = Release|Any CPU
		{018BBF8F-E9D6-4A2F-9837-412A42206E5D}.Debug|Any CPU.ActiveCfg = Debug|Any CPU
		{018BBF8F-E9D6-4A2F-9837-412A42206E5D}.Debug|Any CPU.Build.0 = Debug|Any CPU
		{018BBF8F-E9D6-4A2F-9837-412A42206E5D}.Release|Any CPU.ActiveCfg = Release|Any CPU
		{018BBF8F-E9D6-4A2F-9837-412A42206E5D}.Release|Any CPU.Build.0 = Release|Any CPU
		{FD0D7D9C-8B3D-47E7-8779-2AC0840F8CB3}.Debug|Any CPU.ActiveCfg = Debug|Any CPU
		{FD0D7D9C-8B3D-47E7-8779-2AC0840F8CB3}.Debug|Any CPU.Build.0 = Debug|Any CPU
		{FD0D7D9C-8B3D-47E7-8779-2AC0840F8CB3}.Release|Any CPU.ActiveCfg = Release|Any CPU
		{FD0D7D9C-8B3D-47E7-8779-2AC0840F8CB3}.Release|Any CPU.Build.0 = Release|Any CPU
		{3BA7886C-17BC-4CE7-8633-1E447CB538B0}.Debug|Any CPU.ActiveCfg = Debug|Any CPU
		{3BA7886C-17BC-4CE7-8633-1E447CB538B0}.Debug|Any CPU.Build.0 = Debug|Any CPU
		{3BA7886C-17BC-4CE7-8633-1E447CB538B0}.Release|Any CPU.ActiveCfg = Release|Any CPU
		{3BA7886C-17BC-4CE7-8633-1E447CB538B0}.Release|Any CPU.Build.0 = Release|Any CPU
		{8FF306B8-8B39-429F-8B48-89C9ADDD472D}.Debug|Any CPU.ActiveCfg = Debug|Any CPU
		{8FF306B8-8B39-429F-8B48-89C9ADDD472D}.Debug|Any CPU.Build.0 = Debug|Any CPU
		{8FF306B8-8B39-429F-8B48-89C9ADDD472D}.Release|Any CPU.ActiveCfg = Release|Any CPU
		{8FF306B8-8B39-429F-8B48-89C9ADDD472D}.Release|Any CPU.Build.0 = Release|Any CPU
		{137CFAFD-644C-45E4-875D-986D78C346C3}.Debug|Any CPU.ActiveCfg = Debug|Any CPU
		{137CFAFD-644C-45E4-875D-986D78C346C3}.Debug|Any CPU.Build.0 = Debug|Any CPU
		{137CFAFD-644C-45E4-875D-986D78C346C3}.Release|Any CPU.ActiveCfg = Release|Any CPU
		{137CFAFD-644C-45E4-875D-986D78C346C3}.Release|Any CPU.Build.0 = Release|Any CPU
		{8677601A-E429-49BB-A6C0-646FBAF3528D}.Debug|Any CPU.ActiveCfg = Debug|Any CPU
		{8677601A-E429-49BB-A6C0-646FBAF3528D}.Debug|Any CPU.Build.0 = Debug|Any CPU
		{8677601A-E429-49BB-A6C0-646FBAF3528D}.Release|Any CPU.ActiveCfg = Release|Any CPU
		{8677601A-E429-49BB-A6C0-646FBAF3528D}.Release|Any CPU.Build.0 = Release|Any CPU
		{2D9B90CB-1BF7-4885-91F7-5251D7CAE9AF}.Debug|Any CPU.ActiveCfg = Debug|Any CPU
		{2D9B90CB-1BF7-4885-91F7-5251D7CAE9AF}.Debug|Any CPU.Build.0 = Debug|Any CPU
		{2D9B90CB-1BF7-4885-91F7-5251D7CAE9AF}.Release|Any CPU.ActiveCfg = Release|Any CPU
		{2D9B90CB-1BF7-4885-91F7-5251D7CAE9AF}.Release|Any CPU.Build.0 = Release|Any CPU
		{A86F52A4-D506-4799-9187-3190BA0A0322}.Debug|Any CPU.ActiveCfg = Debug|Any CPU
		{A86F52A4-D506-4799-9187-3190BA0A0322}.Debug|Any CPU.Build.0 = Debug|Any CPU
		{A86F52A4-D506-4799-9187-3190BA0A0322}.Release|Any CPU.ActiveCfg = Release|Any CPU
		{A86F52A4-D506-4799-9187-3190BA0A0322}.Release|Any CPU.Build.0 = Release|Any CPU
	EndGlobalSection
	GlobalSection(SolutionProperties) = preSolution
		HideSolutionNode = FALSE
	EndGlobalSection
	GlobalSection(NestedProjects) = preSolution
		{7FEEFB15-7B0B-4F1C-8FB1-2275F38CEFB6} = {92FF5DF1-C6A8-4622-B871-BD299221B7F2}
		{018BBF8F-E9D6-4A2F-9837-412A42206E5D} = {0EA2B9F2-956B-4D77-B94B-F3F5F4099072}
		{FD0D7D9C-8B3D-47E7-8779-2AC0840F8CB3} = {1033D9DB-8D49-4130-96B9-3910B6482618}
		{3BA7886C-17BC-4CE7-8633-1E447CB538B0} = {AB74F494-1A6F-441B-AA80-098B7EF2D824}
		{8FF306B8-8B39-429F-8B48-89C9ADDD472D} = {FD14C31C-563B-4C7C-A53B-E4BE119B54D6}
		{137CFAFD-644C-45E4-875D-986D78C346C3} = {FD14C31C-563B-4C7C-A53B-E4BE119B54D6}
		{8677601A-E429-49BB-A6C0-646FBAF3528D} = {2FD2618B-A66D-48A3-A16E-57D6DA6A3FEA}
		{2D9B90CB-1BF7-4885-91F7-5251D7CAE9AF} = {2FD2618B-A66D-48A3-A16E-57D6DA6A3FEA}
		{A86F52A4-D506-4799-9187-3190BA0A0322} = {1033D9DB-8D49-4130-96B9-3910B6482618}
	EndGlobalSection
	GlobalSection(ExtensibilityGlobals) = postSolution
		SolutionGuid = {9B6094C9-3597-4178-B1ED-48DC867099AD}
	EndGlobalSection
EndGlobal
